
Microsoft Visual Studio Solution File, Format Version 12.00
# Visual Studio Version 16
VisualStudioVersion = 25.0.1704.3
MinimumVisualStudioVersion = 10.0.40219.1
Project("{FAE04EC0-301F-11D3-BF4B-00C04F79EFBC}") = "cours-multiverse", "Helloworld\cours-multiverse.csproj", "{0DA7E375-BC24-47DE-9379-16372D98DF3E}"
EndProject
Global
	GlobalSection(SolutionConfigurationPlatforms) = preSolution
		Debug|Any CPU = Debug|Any CPU
		Release|Any CPU = Release|Any CPU
	EndGlobalSection
	GlobalSection(ProjectConfigurationPlatforms) = postSolution
		{0DA7E375-BC24-47DE-9379-16372D98DF3E}.Debug|Any CPU.ActiveCfg = Debug|Any CPU
		{0DA7E375-BC24-47DE-9379-16372D98DF3E}.Debug|Any CPU.Build.0 = Debug|Any CPU
		{0DA7E375-BC24-47DE-9379-16372D98DF3E}.Release|Any CPU.ActiveCfg = Release|Any CPU
		{0DA7E375-BC24-47DE-9379-16372D98DF3E}.Release|Any CPU.Build.0 = Release|Any CPU
	EndGlobalSection
	GlobalSection(SolutionProperties) = preSolution
		HideSolutionNode = FALSE
	EndGlobalSection
	GlobalSection(ExtensibilityGlobals) = postSolution
		SolutionGuid = {7A277E23-395B-4520-A74E-3FD991E27047}
	EndGlobalSection
EndGlobal
